// !$*UTF8*$!
{
	archiveVersion = 1;
	classes = {
	};
	objectVersion = 50;
	objects = {

/* Begin PBXBuildFile section */
		FE3239BB260B22AD00637114 /* AppDelegate.swift in Sources */ = {isa = PBXBuildFile; fileRef = FE3239BA260B22AD00637114 /* AppDelegate.swift */; };
		FE3239BD260B22AD00637114 /* ViewController.swift in Sources */ = {isa = PBXBuildFile; fileRef = FE3239BC260B22AD00637114 /* ViewController.swift */; };
		FE3239BF260B22AF00637114 /* Assets.xcassets in Resources */ = {isa = PBXBuildFile; fileRef = FE3239BE260B22AF00637114 /* Assets.xcassets */; };
		FE3239C2260B22AF00637114 /* Main.storyboard in Resources */ = {isa = PBXBuildFile; fileRef = FE3239C0260B22AF00637114 /* Main.storyboard */; };
		FE432C7F260B3629008EF132 /* LGEncryptor.swift in Sources */ = {isa = PBXBuildFile; fileRef = FE432C7E260B3629008EF132 /* LGEncryptor.swift */; };
		FE432C83260B3655008EF132 /* String+Extensions.swift in Sources */ = {isa = PBXBuildFile; fileRef = FE432C81260B3655008EF132 /* String+Extensions.swift */; };
		FE432C84260B3655008EF132 /* Data+Extensions.swift in Sources */ = {isa = PBXBuildFile; fileRef = FE432C82260B3655008EF132 /* Data+Extensions.swift */; };
		FE432C87260B3679008EF132 /* NCMDump.swift in Sources */ = {isa = PBXBuildFile; fileRef = FE432C86260B3679008EF132 /* NCMDump.swift */; };
		FE432C89260B3A21008EF132 /* NCMDumpError.swift in Sources */ = {isa = PBXBuildFile; fileRef = FE432C88260B3A21008EF132 /* NCMDumpError.swift */; };
		FE432C93260B3C51008EF132 /* TagLibWrapper.framework in Frameworks */ = {isa = PBXBuildFile; fileRef = FE432C92260B3C51008EF132 /* TagLibWrapper.framework */; };
		FE432C94260B3C51008EF132 /* TagLibWrapper.framework in Embed Frameworks */ = {isa = PBXBuildFile; fileRef = FE432C92260B3C51008EF132 /* TagLibWrapper.framework */; settings = {ATTRIBUTES = (CodeSignOnCopy, RemoveHeadersOnCopy, ); }; };
		FE432EA2260C40DB008EF132 /* WindowController.swift in Sources */ = {isa = PBXBuildFile; fileRef = FE432EA1260C40DB008EF132 /* WindowController.swift */; };
/* End PBXBuildFile section */

/* Begin PBXCopyFilesBuildPhase section */
		FE432C95260B3C51008EF132 /* Embed Frameworks */ = {
			isa = PBXCopyFilesBuildPhase;
			buildActionMask = 2147483647;
			dstPath = "";
			dstSubfolderSpec = 10;
			files = (
				FE432C94260B3C51008EF132 /* TagLibWrapper.framework in Embed Frameworks */,
			);
			name = "Embed Frameworks";
			runOnlyForDeploymentPostprocessing = 0;
		};
/* End PBXCopyFilesBuildPhase section */

/* Begin PBXFileReference section */
		FE3239B7260B22AD00637114 /* NCMDecode.app */ = {isa = PBXFileReference; explicitFileType = wrapper.application; includeInIndex = 0; path = NCMDecode.app; sourceTree = BUILT_PRODUCTS_DIR; };
		FE3239BA260B22AD00637114 /* AppDelegate.swift */ = {isa = PBXFileReference; lastKnownFileType = sourcecode.swift; path = AppDelegate.swift; sourceTree = "<group>"; };
		FE3239BC260B22AD00637114 /* ViewController.swift */ = {isa = PBXFileReference; lastKnownFileType = sourcecode.swift; path = ViewController.swift; sourceTree = "<group>"; };
		FE3239BE260B22AF00637114 /* Assets.xcassets */ = {isa = PBXFileReference; lastKnownFileType = folder.assetcatalog; path = Assets.xcassets; sourceTree = "<group>"; };
		FE3239C1260B22AF00637114 /* Base */ = {isa = PBXFileReference; lastKnownFileType = file.storyboard; name = Base; path = Base.lproj/Main.storyboard; sourceTree = "<group>"; };
		FE3239C3260B22AF00637114 /* Info.plist */ = {isa = PBXFileReference; lastKnownFileType = text.plist.xml; path = Info.plist; sourceTree = "<group>"; };
		FE3239C4260B22AF00637114 /* NCMDecode.entitlements */ = {isa = PBXFileReference; lastKnownFileType = text.plist.entitlements; path = NCMDecode.entitlements; sourceTree = "<group>"; };
		FE432C79260B3608008EF132 /* TagLibWrapper.framework */ = {isa = PBXFileReference; explicitFileType = wrapper.framework; path = TagLibWrapper.framework; sourceTree = BUILT_PRODUCTS_DIR; };
		FE432C7E260B3629008EF132 /* LGEncryptor.swift */ = {isa = PBXFileReference; fileEncoding = 4; lastKnownFileType = sourcecode.swift; path = LGEncryptor.swift; sourceTree = "<group>"; };
		FE432C81260B3655008EF132 /* String+Extensions.swift */ = {isa = PBXFileReference; fileEncoding = 4; lastKnownFileType = sourcecode.swift; path = "String+Extensions.swift"; sourceTree = "<group>"; };
		FE432C82260B3655008EF132 /* Data+Extensions.swift */ = {isa = PBXFileReference; fileEncoding = 4; lastKnownFileType = sourcecode.swift; path = "Data+Extensions.swift"; sourceTree = "<group>"; };
		FE432C86260B3679008EF132 /* NCMDump.swift */ = {isa = PBXFileReference; lastKnownFileType = sourcecode.swift; path = NCMDump.swift; sourceTree = "<group>"; };
		FE432C88260B3A21008EF132 /* NCMDumpError.swift */ = {isa = PBXFileReference; lastKnownFileType = sourcecode.swift; path = NCMDumpError.swift; sourceTree = "<group>"; };
		FE432C8D260B3BEF008EF132 /* TagLibWrapper.framework */ = {isa = PBXFileReference; explicitFileType = wrapper.framework; path = TagLibWrapper.framework; sourceTree = BUILT_PRODUCTS_DIR; };
		FE432C92260B3C51008EF132 /* TagLibWrapper.framework */ = {isa = PBXFileReference; explicitFileType = wrapper.framework; path = TagLibWrapper.framework; sourceTree = BUILT_PRODUCTS_DIR; };
		FE432EA1260C40DB008EF132 /* WindowController.swift */ = {isa = PBXFileReference; fileEncoding = 4; lastKnownFileType = sourcecode.swift; path = WindowController.swift; sourceTree = "<group>"; };
/* End PBXFileReference section */

/* Begin PBXFrameworksBuildPhase section */
		FE3239B4260B22AD00637114 /* Frameworks */ = {
			isa = PBXFrameworksBuildPhase;
			buildActionMask = 2147483647;
			files = (
				FE432C93260B3C51008EF132 /* TagLibWrapper.framework in Frameworks */,
			);
			runOnlyForDeploymentPostprocessing = 0;
		};
/* End PBXFrameworksBuildPhase section */

/* Begin PBXGroup section */
		FE3239AE260B22AD00637114 = {
			isa = PBXGroup;
			children = (
				FE3239B9260B22AD00637114 /* NCMDecode */,
				FE3239B8260B22AD00637114 /* Products */,
				FE432C78260B3608008EF132 /* Frameworks */,
			);
			sourceTree = "<group>";
		};
		FE3239B8260B22AD00637114 /* Products */ = {
			isa = PBXGroup;
			children = (
				FE3239B7260B22AD00637114 /* NCMDecode.app */,
			);
			name = Products;
			sourceTree = "<group>";
		};
		FE3239B9260B22AD00637114 /* NCMDecode */ = {
			isa = PBXGroup;
			children = (
				FE432C85260B3669008EF132 /* NCMDump */,
				FE432C80260B3649008EF132 /* Extensions */,
				FE432C7D260B3612008EF132 /* AES */,
				FE3239BA260B22AD00637114 /* AppDelegate.swift */,
				FE3239BC260B22AD00637114 /* ViewController.swift */,
				FE432EA1260C40DB008EF132 /* WindowController.swift */,
				FE3239BE260B22AF00637114 /* Assets.xcassets */,
				FE3239C0260B22AF00637114 /* Main.storyboard */,
				FE3239C3260B22AF00637114 /* Info.plist */,
				FE3239C4260B22AF00637114 /* NCMDecode.entitlements */,
			);
			path = NCMDecode;
			sourceTree = "<group>";
		};
		FE432C78260B3608008EF132 /* Frameworks */ = {
			isa = PBXGroup;
			children = (
				FE432C92260B3C51008EF132 /* TagLibWrapper.framework */,
				FE432C8D260B3BEF008EF132 /* TagLibWrapper.framework */,
				FE432C79260B3608008EF132 /* TagLibWrapper.framework */,
			);
			name = Frameworks;
			sourceTree = "<group>";
		};
		FE432C7D260B3612008EF132 /* AES */ = {
			isa = PBXGroup;
			children = (
				FE432C7E260B3629008EF132 /* LGEncryptor.swift */,
			);
			path = AES;
			sourceTree = "<group>";
		};
		FE432C80260B3649008EF132 /* Extensions */ = {
			isa = PBXGroup;
			children = (
				FE432C82260B3655008EF132 /* Data+Extensions.swift */,
				FE432C81260B3655008EF132 /* String+Extensions.swift */,
			);
			path = Extensions;
			sourceTree = "<group>";
		};
		FE432C85260B3669008EF132 /* NCMDump */ = {
			isa = PBXGroup;
			children = (
				FE432C86260B3679008EF132 /* NCMDump.swift */,
				FE432C88260B3A21008EF132 /* NCMDumpError.swift */,
			);
			path = NCMDump;
			sourceTree = "<group>";
		};
/* End PBXGroup section */

/* Begin PBXNativeTarget section */
		FE3239B6260B22AD00637114 /* NCMDecode */ = {
			isa = PBXNativeTarget;
			buildConfigurationList = FE3239C7260B22AF00637114 /* Build configuration list for PBXNativeTarget "NCMDecode" */;
			buildPhases = (
				FE3239B3260B22AD00637114 /* Sources */,
				FE3239B4260B22AD00637114 /* Frameworks */,
				FE3239B5260B22AD00637114 /* Resources */,
				FE432C95260B3C51008EF132 /* Embed Frameworks */,
			);
			buildRules = (
			);
			dependencies = (
			);
			name = NCMDecode;
			productName = NCMDecode;
			productReference = FE3239B7260B22AD00637114 /* NCMDecode.app */;
			productType = "com.apple.product-type.application";
		};
/* End PBXNativeTarget section */

/* Begin PBXProject section */
		FE3239AF260B22AD00637114 /* Project object */ = {
			isa = PBXProject;
			attributes = {
				LastSwiftUpdateCheck = 1240;
				LastUpgradeCheck = 1240;
				TargetAttributes = {
					FE3239B6260B22AD00637114 = {
						CreatedOnToolsVersion = 12.4;
					};
				};
			};
			buildConfigurationList = FE3239B2260B22AD00637114 /* Build configuration list for PBXProject "NCMDecode" */;
			compatibilityVersion = "Xcode 9.3";
			developmentRegion = en;
			hasScannedForEncodings = 0;
			knownRegions = (
				en,
				Base,
			);
			mainGroup = FE3239AE260B22AD00637114;
			productRefGroup = FE3239B8260B22AD00637114 /* Products */;
			projectDirPath = "";
			projectRoot = "";
			targets = (
				FE3239B6260B22AD00637114 /* NCMDecode */,
			);
		};
/* End PBXProject section */

/* Begin PBXResourcesBuildPhase section */
		FE3239B5260B22AD00637114 /* Resources */ = {
			isa = PBXResourcesBuildPhase;
			buildActionMask = 2147483647;
			files = (
				FE3239BF260B22AF00637114 /* Assets.xcassets in Resources */,
				FE3239C2260B22AF00637114 /* Main.storyboard in Resources */,
			);
			runOnlyForDeploymentPostprocessing = 0;
		};
/* End PBXResourcesBuildPhase section */

/* Begin PBXSourcesBuildPhase section */
		FE3239B3260B22AD00637114 /* Sources */ = {
			isa = PBXSourcesBuildPhase;
			buildActionMask = 2147483647;
			files = (
				FE3239BD260B22AD00637114 /* ViewController.swift in Sources */,
				FE3239BB260B22AD00637114 /* AppDelegate.swift in Sources */,
				FE432C89260B3A21008EF132 /* NCMDumpError.swift in Sources */,
				FE432C83260B3655008EF132 /* String+Extensions.swift in Sources */,
				FE432C7F260B3629008EF132 /* LGEncryptor.swift in Sources */,
				FE432EA2260C40DB008EF132 /* WindowController.swift in Sources */,
				FE432C87260B3679008EF132 /* NCMDump.swift in Sources */,
				FE432C84260B3655008EF132 /* Data+Extensions.swift in Sources */,
			);
			runOnlyForDeploymentPostprocessing = 0;
		};
/* End PBXSourcesBuildPhase section */

/* Begin PBXVariantGroup section */
		FE3239C0260B22AF00637114 /* Main.storyboard */ = {
			isa = PBXVariantGroup;
			children = (
				FE3239C1260B22AF00637114 /* Base */,
			);
			name = Main.storyboard;
			sourceTree = "<group>";
		};
/* End PBXVariantGroup section */

/* Begin XCBuildConfiguration section */
		FE3239C5260B22AF00637114 /* Debug */ = {
			isa = XCBuildConfiguration;
			buildSettings = {
				ALWAYS_SEARCH_USER_PATHS = NO;
				CLANG_ANALYZER_NONNULL = YES;
				CLANG_ANALYZER_NUMBER_OBJECT_CONVERSION = YES_AGGRESSIVE;
				CLANG_CXX_LANGUAGE_STANDARD = "gnu++14";
				CLANG_CXX_LIBRARY = "libc++";
				CLANG_ENABLE_MODULES = YES;
				CLANG_ENABLE_OBJC_ARC = YES;
				CLANG_ENABLE_OBJC_WEAK = YES;
				CLANG_WARN_BLOCK_CAPTURE_AUTORELEASING = YES;
				CLANG_WARN_BOOL_CONVERSION = YES;
				CLANG_WARN_COMMA = YES;
				CLANG_WARN_CONSTANT_CONVERSION = YES;
				CLANG_WARN_DEPRECATED_OBJC_IMPLEMENTATIONS = YES;
				CLANG_WARN_DIRECT_OBJC_ISA_USAGE = YES_ERROR;
				CLANG_WARN_DOCUMENTATION_COMMENTS = YES;
				CLANG_WARN_EMPTY_BODY = YES;
				CLANG_WARN_ENUM_CONVERSION = YES;
				CLANG_WARN_INFINITE_RECURSION = YES;
				CLANG_WARN_INT_CONVERSION = YES;
				CLANG_WARN_NON_LITERAL_NULL_CONVERSION = YES;
				CLANG_WARN_OBJC_IMPLICIT_RETAIN_SELF = YES;
				CLANG_WARN_OBJC_LITERAL_CONVERSION = YES;
				CLANG_WARN_OBJC_ROOT_CLASS = YES_ERROR;
				CLANG_WARN_QUOTED_INCLUDE_IN_FRAMEWORK_HEADER = YES;
				CLANG_WARN_RANGE_LOOP_ANALYSIS = YES;
				CLANG_WARN_STRICT_PROTOTYPES = YES;
				CLANG_WARN_SUSPICIOUS_MOVE = YES;
				CLANG_WARN_UNGUARDED_AVAILABILITY = YES_AGGRESSIVE;
				CLANG_WARN_UNREACHABLE_CODE = YES;
				CLANG_WARN__DUPLICATE_METHOD_MATCH = YES;
				COPY_PHASE_STRIP = NO;
				DEBUG_INFORMATION_FORMAT = dwarf;
				ENABLE_STRICT_OBJC_MSGSEND = YES;
				ENABLE_TESTABILITY = YES;
				GCC_C_LANGUAGE_STANDARD = gnu11;
				GCC_DYNAMIC_NO_PIC = NO;
				GCC_NO_COMMON_BLOCKS = YES;
				GCC_OPTIMIZATION_LEVEL = 0;
				GCC_PREPROCESSOR_DEFINITIONS = (
					"DEBUG=1",
					"$(inherited)",
				);
				GCC_WARN_64_TO_32_BIT_CONVERSION = YES;
				GCC_WARN_ABOUT_RETURN_TYPE = YES_ERROR;
				GCC_WARN_UNDECLARED_SELECTOR = YES;
				GCC_WARN_UNINITIALIZED_AUTOS = YES_AGGRESSIVE;
				GCC_WARN_UNUSED_FUNCTION = YES;
				GCC_WARN_UNUSED_VARIABLE = YES;
				MACOSX_DEPLOYMENT_TARGET = 10.15;
				MTL_ENABLE_DEBUG_INFO = INCLUDE_SOURCE;
				MTL_FAST_MATH = YES;
				ONLY_ACTIVE_ARCH = YES;
				SDKROOT = macosx;
				SWIFT_ACTIVE_COMPILATION_CONDITIONS = DEBUG;
				SWIFT_OPTIMIZATION_LEVEL = "-Onone";
			};
			name = Debug;
		};
		FE3239C6260B22AF00637114 /* Release */ = {
			isa = XCBuildConfiguration;
			buildSettings = {
				ALWAYS_SEARCH_USER_PATHS = NO;
				CLANG_ANALYZER_NONNULL = YES;
				CLANG_ANALYZER_NUMBER_OBJECT_CONVERSION = YES_AGGRESSIVE;
				CLANG_CXX_LANGUAGE_STANDARD = "gnu++14";
				CLANG_CXX_LIBRARY = "libc++";
				CLANG_ENABLE_MODULES = YES;
				CLANG_ENABLE_OBJC_ARC = YES;
				CLANG_ENABLE_OBJC_WEAK = YES;
				CLANG_WARN_BLOCK_CAPTURE_AUTORELEASING = YES;
				CLANG_WARN_BOOL_CONVERSION = YES;
				CLANG_WARN_COMMA = YES;
				CLANG_WARN_CONSTANT_CONVERSION = YES;
				CLANG_WARN_DEPRECATED_OBJC_IMPLEMENTATIONS = YES;
				CLANG_WARN_DIRECT_OBJC_ISA_USAGE = YES_ERROR;
				CLANG_WARN_DOCUMENTATION_COMMENTS = YES;
				CLANG_WARN_EMPTY_BODY = YES;
				CLANG_WARN_ENUM_CONVERSION = YES;
				CLANG_WARN_INFINITE_RECURSION = YES;
				CLANG_WARN_INT_CONVERSION = YES;
				CLANG_WARN_NON_LITERAL_NULL_CONVERSION = YES;
				CLANG_WARN_OBJC_IMPLICIT_RETAIN_SELF = YES;
				CLANG_WARN_OBJC_LITERAL_CONVERSION = YES;
				CLANG_WARN_OBJC_ROOT_CLASS = YES_ERROR;
				CLANG_WARN_QUOTED_INCLUDE_IN_FRAMEWORK_HEADER = YES;
				CLANG_WARN_RANGE_LOOP_ANALYSIS = YES;
				CLANG_WARN_STRICT_PROTOTYPES = YES;
				CLANG_WARN_SUSPICIOUS_MOVE = YES;
				CLANG_WARN_UNGUARDED_AVAILABILITY = YES_AGGRESSIVE;
				CLANG_WARN_UNREACHABLE_CODE = YES;
				CLANG_WARN__DUPLICATE_METHOD_MATCH = YES;
				COPY_PHASE_STRIP = NO;
				DEBUG_INFORMATION_FORMAT = "dwarf-with-dsym";
				ENABLE_NS_ASSERTIONS = NO;
				ENABLE_STRICT_OBJC_MSGSEND = YES;
				GCC_C_LANGUAGE_STANDARD = gnu11;
				GCC_NO_COMMON_BLOCKS = YES;
				GCC_WARN_64_TO_32_BIT_CONVERSION = YES;
				GCC_WARN_ABOUT_RETURN_TYPE = YES_ERROR;
				GCC_WARN_UNDECLARED_SELECTOR = YES;
				GCC_WARN_UNINITIALIZED_AUTOS = YES_AGGRESSIVE;
				GCC_WARN_UNUSED_FUNCTION = YES;
				GCC_WARN_UNUSED_VARIABLE = YES;
				MACOSX_DEPLOYMENT_TARGET = 10.15;
				MTL_ENABLE_DEBUG_INFO = NO;
				MTL_FAST_MATH = YES;
				SDKROOT = macosx;
				SWIFT_COMPILATION_MODE = wholemodule;
				SWIFT_OPTIMIZATION_LEVEL = "-O";
			};
			name = Release;
		};
		FE3239C8260B22AF00637114 /* Debug */ = {
			isa = XCBuildConfiguration;
			buildSettings = {
				ASSETCATALOG_COMPILER_APPICON_NAME = AppIcon;
				ASSETCATALOG_COMPILER_GLOBAL_ACCENT_COLOR_NAME = AccentColor;
				CODE_SIGN_ENTITLEMENTS = NCMDecode/NCMDecode.entitlements;
				CODE_SIGN_STYLE = Automatic;
				COMBINE_HIDPI_IMAGES = YES;
				CURRENT_PROJECT_VERSION = 20211228.153415;
				DEVELOPMENT_TEAM = SRVW87Y85X;
				ENABLE_HARDENED_RUNTIME = YES;
				FRAMEWORK_SEARCH_PATHS = (
					"$(inherited)",
					"$(PROJECT_DIR)/NCMDecode",
				);
				INFOPLIST_FILE = NCMDecode/Info.plist;
				LD_RUNPATH_SEARCH_PATHS = (
					"$(inherited)",
					"@executable_path/../Frameworks",
				);
				MACOSX_DEPLOYMENT_TARGET = 10.15;
				MARKETING_VERSION = 1.0.1;
				PRODUCT_BUNDLE_IDENTIFIER = cxylg.app.mac.NCMDecode;
				PRODUCT_NAME = "$(TARGET_NAME)";
				SWIFT_VERSION = 5.0;
			};
			name = Debug;
		};
		FE3239C9260B22AF00637114 /* Release */ = {
			isa = XCBuildConfiguration;
			buildSettings = {
				ASSETCATALOG_COMPILER_APPICON_NAME = AppIcon;
				ASSETCATALOG_COMPILER_GLOBAL_ACCENT_COLOR_NAME = AccentColor;
				CODE_SIGN_ENTITLEMENTS = NCMDecode/NCMDecode.entitlements;
				CODE_SIGN_STYLE = Automatic;
				COMBINE_HIDPI_IMAGES = YES;
				CURRENT_PROJECT_VERSION = 20211228.153415;
				DEVELOPMENT_TEAM = SRVW87Y85X;
				ENABLE_HARDENED_RUNTIME = YES;
				FRAMEWORK_SEARCH_PATHS = (
					"$(inherited)",
					"$(PROJECT_DIR)/NCMDecode",
				);
				INFOPLIST_FILE = NCMDecode/Info.plist;
				LD_RUNPATH_SEARCH_PATHS = (
					"$(inherited)",
					"@executable_path/../Frameworks",
				);
				MACOSX_DEPLOYMENT_TARGET = 10.15;
				MARKETING_VERSION = 1.0.1;
				PRODUCT_BUNDLE_IDENTIFIER = cxylg.app.mac.NCMDecode;
				PRODUCT_NAME = "$(TARGET_NAME)";
				SWIFT_VERSION = 5.0;
			};
			name = Release;
		};
/* End XCBuildConfiguration section */

/* Begin XCConfigurationList section */
		FE3239B2260B22AD00637114 /* Build configuration list for PBXProject "NCMDecode" */ = {
			isa = XCConfigurationList;
			buildConfigurations = (
				FE3239C5260B22AF00637114 /* Debug */,
				FE3239C6260B22AF00637114 /* Release */,
			);
			defaultConfigurationIsVisible = 0;
			defaultConfigurationName = Release;
		};
		FE3239C7260B22AF00637114 /* Build configuration list for PBXNativeTarget "NCMDecode" */ = {
			isa = XCConfigurationList;
			buildConfigurations = (
				FE3239C8260B22AF00637114 /* Debug */,
				FE3239C9260B22AF00637114 /* Release */,
			);
			defaultConfigurationIsVisible = 0;
			defaultConfigurationName = Release;
		};
/* End XCConfigurationList section */
	};
	rootObject = FE3239AF260B22AD00637114 /* Project object */;
}
